
Microsoft Visual Studio Solution File, Format Version 12.00
# Visual Studio Version 17
VisualStudioVersion = 17.3.32929.385
MinimumVisualStudioVersion = 10.0.40219.1
Project("{FAE04EC0-301F-11D3-BF4B-00C04F79EFBC}") = "AuthenticationAPI", "AuthenticationAPI\AuthenticationAPI.csproj", "{23ADBA39-ECEB-4098-AA58-E34BD07624EB}"
EndProject
Global
	GlobalSection(SolutionConfigurationPlatforms) = preSolution
		Debug|Any CPU = Debug|Any CPU
		Release|Any CPU = Release|Any CPU
	EndGlobalSection
	GlobalSection(ProjectConfigurationPlatforms) = postSolution
		{23ADBA39-ECEB-4098-AA58-E34BD07624EB}.Debug|Any CPU.ActiveCfg = Debug|Any CPU
		{23ADBA39-ECEB-4098-AA58-E34BD07624EB}.Debug|Any CPU.Build.0 = Debug|Any CPU
		{23ADBA39-ECEB-4098-AA58-E34BD07624EB}.Release|Any CPU.ActiveCfg = Release|Any CPU
		{23ADBA39-ECEB-4098-AA58-E34BD07624EB}.Release|Any CPU.Build.0 = Release|Any CPU
	EndGlobalSection
	GlobalSection(SolutionProperties) = preSolution
		HideSolutionNode = FALSE
	EndGlobalSection
	GlobalSection(ExtensibilityGlobals) = postSolution
		SolutionGuid = {CEEF18C9-01E1-4225-83B2-3F44615340B4}
	EndGlobalSection
EndGlobal
